// !$*UTF8*$!
{
	archiveVersion = 1;
	classes = {
	};
	objectVersion = 50;
	objects = {

/* Begin PBXBuildFile section */
		AF57F23724F93FC300A95E45 /* AppDelegate.m in Sources */ = {isa = PBXBuildFile; fileRef = AF57F23624F93FC300A95E45 /* AppDelegate.m */; };
		AF57F23A24F93FC300A95E45 /* SceneDelegate.m in Sources */ = {isa = PBXBuildFile; fileRef = AF57F23924F93FC300A95E45 /* SceneDelegate.m */; };
		AF57F23D24F93FC300A95E45 /* ViewController.m in Sources */ = {isa = PBXBuildFile; fileRef = AF57F23C24F93FC300A95E45 /* ViewController.m */; };
		AF57F24024F93FC300A95E45 /* Main.storyboard in Resources */ = {isa = PBXBuildFile; fileRef = AF57F23E24F93FC300A95E45 /* Main.storyboard */; };
		AF57F24224F93FC800A95E45 /* Assets.xcassets in Resources */ = {isa = PBXBuildFile; fileRef = AF57F24124F93FC800A95E45 /* Assets.xcassets */; };
		AF57F24524F93FC800A95E45 /* LaunchScreen.storyboard in Resources */ = {isa = PBXBuildFile; fileRef = AF57F24324F93FC800A95E45 /* LaunchScreen.storyboard */; };
		AF57F24824F93FC800A95E45 /* main.m in Sources */ = {isa = PBXBuildFile; fileRef = AF57F24724F93FC800A95E45 /* main.m */; };
		AF57F25524F9401900A95E45 /* TATWebViewJavascriptBridgeBase.m in Sources */ = {isa = PBXBuildFile; fileRef = AF57F25024F9401900A95E45 /* TATWebViewJavascriptBridgeBase.m */; };
		AF57F25624F9401900A95E45 /* TATWKWebViewJavascriptBridge.m in Sources */ = {isa = PBXBuildFile; fileRef = AF57F25124F9401900A95E45 /* TATWKWebViewJavascriptBridge.m */; };
		AF57F25724F9401900A95E45 /* TATWebViewJavascriptBridge_JS.m in Sources */ = {isa = PBXBuildFile; fileRef = AF57F25224F9401900A95E45 /* TATWebViewJavascriptBridge_JS.m */; };
/* End PBXBuildFile section */

/* Begin PBXFileReference section */
		AF57F23224F93FC300A95E45 /* iOSWebInteractionDemo.app */ = {isa = PBXFileReference; explicitFileType = wrapper.application; includeInIndex = 0; path = iOSWebInteractionDemo.app; sourceTree = BUILT_PRODUCTS_DIR; };
		AF57F23524F93FC300A95E45 /* AppDelegate.h */ = {isa = PBXFileReference; lastKnownFileType = sourcecode.c.h; path = AppDelegate.h; sourceTree = "<group>"; };
		AF57F23624F93FC300A95E45 /* AppDelegate.m */ = {isa = PBXFileReference; lastKnownFileType = sourcecode.c.objc; path = AppDelegate.m; sourceTree = "<group>"; };
		AF57F23824F93FC300A95E45 /* SceneDelegate.h */ = {isa = PBXFileReference; lastKnownFileType = sourcecode.c.h; path = SceneDelegate.h; sourceTree = "<group>"; };
		AF57F23924F93FC300A95E45 /* SceneDelegate.m */ = {isa = PBXFileReference; lastKnownFileType = sourcecode.c.objc; path = SceneDelegate.m; sourceTree = "<group>"; };
		AF57F23B24F93FC300A95E45 /* ViewController.h */ = {isa = PBXFileReference; lastKnownFileType = sourcecode.c.h; path = ViewController.h; sourceTree = "<group>"; };
		AF57F23C24F93FC300A95E45 /* ViewController.m */ = {isa = PBXFileReference; lastKnownFileType = sourcecode.c.objc; path = ViewController.m; sourceTree = "<group>"; };
		AF57F23F24F93FC300A95E45 /* Base */ = {isa = PBXFileReference; lastKnownFileType = file.storyboard; name = Base; path = Base.lproj/Main.storyboard; sourceTree = "<group>"; };
		AF57F24124F93FC800A95E45 /* Assets.xcassets */ = {isa = PBXFileReference; lastKnownFileType = folder.assetcatalog; path = Assets.xcassets; sourceTree = "<group>"; };
		AF57F24424F93FC800A95E45 /* Base */ = {isa = PBXFileReference; lastKnownFileType = file.storyboard; name = Base; path = Base.lproj/LaunchScreen.storyboard; sourceTree = "<group>"; };
		AF57F24624F93FC800A95E45 /* Info.plist */ = {isa = PBXFileReference; lastKnownFileType = text.plist.xml; path = Info.plist; sourceTree = "<group>"; };
		AF57F24724F93FC800A95E45 /* main.m */ = {isa = PBXFileReference; lastKnownFileType = sourcecode.c.objc; path = main.m; sourceTree = "<group>"; };
		AF57F24F24F9401900A95E45 /* TATWebViewJavascriptBridge_JS.h */ = {isa = PBXFileReference; fileEncoding = 4; lastKnownFileType = sourcecode.c.h; path = TATWebViewJavascriptBridge_JS.h; sourceTree = "<group>"; };
		AF57F25024F9401900A95E45 /* TATWebViewJavascriptBridgeBase.m */ = {isa = PBXFileReference; fileEncoding = 4; lastKnownFileType = sourcecode.c.objc; path = TATWebViewJavascriptBridgeBase.m; sourceTree = "<group>"; };
		AF57F25124F9401900A95E45 /* TATWKWebViewJavascriptBridge.m */ = {isa = PBXFileReference; fileEncoding = 4; lastKnownFileType = sourcecode.c.objc; path = TATWKWebViewJavascriptBridge.m; sourceTree = "<group>"; };
		AF57F25224F9401900A95E45 /* TATWebViewJavascriptBridge_JS.m */ = {isa = PBXFileReference; fileEncoding = 4; lastKnownFileType = sourcecode.c.objc; path = TATWebViewJavascriptBridge_JS.m; sourceTree = "<group>"; };
		AF57F25324F9401900A95E45 /* TATWKWebViewJavascriptBridge.h */ = {isa = PBXFileReference; fileEncoding = 4; lastKnownFileType = sourcecode.c.h; path = TATWKWebViewJavascriptBridge.h; sourceTree = "<group>"; };
		AF57F25424F9401900A95E45 /* TATWebViewJavascriptBridgeBase.h */ = {isa = PBXFileReference; fileEncoding = 4; lastKnownFileType = sourcecode.c.h; path = TATWebViewJavascriptBridgeBase.h; sourceTree = "<group>"; };
/* End PBXFileReference section */

/* Begin PBXFrameworksBuildPhase section */
		AF57F22F24F93FC300A95E45 /* Frameworks */ = {
			isa = PBXFrameworksBuildPhase;
			buildActionMask = 2147483647;
			files = (
			);
			runOnlyForDeploymentPostprocessing = 0;
		};
/* End PBXFrameworksBuildPhase section */

/* Begin PBXGroup section */
		AF57F22924F93FC200A95E45 = {
			isa = PBXGroup;
			children = (
				AF57F23424F93FC300A95E45 /* iOSWebInteractionDemo */,
				AF57F23324F93FC300A95E45 /* Products */,
			);
			sourceTree = "<group>";
		};
		AF57F23324F93FC300A95E45 /* Products */ = {
			isa = PBXGroup;
			children = (
				AF57F23224F93FC300A95E45 /* iOSWebInteractionDemo.app */,
			);
			name = Products;
			sourceTree = "<group>";
		};
		AF57F23424F93FC300A95E45 /* iOSWebInteractionDemo */ = {
			isa = PBXGroup;
			children = (
				AF57F24E24F9401900A95E45 /* WebViewJavascriptBridge */,
				AF57F23524F93FC300A95E45 /* AppDelegate.h */,
				AF57F23624F93FC300A95E45 /* AppDelegate.m */,
				AF57F23824F93FC300A95E45 /* SceneDelegate.h */,
				AF57F23924F93FC300A95E45 /* SceneDelegate.m */,
				AF57F23B24F93FC300A95E45 /* ViewController.h */,
				AF57F23C24F93FC300A95E45 /* ViewController.m */,
				AF57F23E24F93FC300A95E45 /* Main.storyboard */,
				AF57F24124F93FC800A95E45 /* Assets.xcassets */,
				AF57F24324F93FC800A95E45 /* LaunchScreen.storyboard */,
				AF57F24624F93FC800A95E45 /* Info.plist */,
				AF57F24724F93FC800A95E45 /* main.m */,
			);
			path = iOSWebInteractionDemo;
			sourceTree = "<group>";
		};
		AF57F24E24F9401900A95E45 /* WebViewJavascriptBridge */ = {
			isa = PBXGroup;
			children = (
				AF57F24F24F9401900A95E45 /* TATWebViewJavascriptBridge_JS.h */,
				AF57F25024F9401900A95E45 /* TATWebViewJavascriptBridgeBase.m */,
				AF57F25124F9401900A95E45 /* TATWKWebViewJavascriptBridge.m */,
				AF57F25224F9401900A95E45 /* TATWebViewJavascriptBridge_JS.m */,
				AF57F25324F9401900A95E45 /* TATWKWebViewJavascriptBridge.h */,
				AF57F25424F9401900A95E45 /* TATWebViewJavascriptBridgeBase.h */,
			);
			path = WebViewJavascriptBridge;
			sourceTree = "<group>";
		};
/* End PBXGroup section */

/* Begin PBXNativeTarget section */
		AF57F23124F93FC300A95E45 /* iOSWebInteractionDemo */ = {
			isa = PBXNativeTarget;
			buildConfigurationList = AF57F24B24F93FC800A95E45 /* Build configuration list for PBXNativeTarget "iOSWebInteractionDemo" */;
			buildPhases = (
				AF57F22E24F93FC300A95E45 /* Sources */,
				AF57F22F24F93FC300A95E45 /* Frameworks */,
				AF57F23024F93FC300A95E45 /* Resources */,
			);
			buildRules = (
			);
			dependencies = (
			);
			name = iOSWebInteractionDemo;
			productName = iOSWebInteractionDemo;
			productReference = AF57F23224F93FC300A95E45 /* iOSWebInteractionDemo.app */;
			productType = "com.apple.product-type.application";
		};
/* End PBXNativeTarget section */

/* Begin PBXProject section */
		AF57F22A24F93FC300A95E45 /* Project object */ = {
			isa = PBXProject;
			attributes = {
				LastUpgradeCheck = 1130;
				ORGANIZATIONNAME = wuleslie;
				TargetAttributes = {
					AF57F23124F93FC300A95E45 = {
						CreatedOnToolsVersion = 11.3;
					};
				};
			};
			buildConfigurationList = AF57F22D24F93FC300A95E45 /* Build configuration list for PBXProject "iOSWebInteractionDemo" */;
			compatibilityVersion = "Xcode 9.3";
			developmentRegion = en;
			hasScannedForEncodings = 0;
			knownRegions = (
				en,
				Base,
			);
			mainGroup = AF57F22924F93FC200A95E45;
			productRefGroup = AF57F23324F93FC300A95E45 /* Products */;
			projectDirPath = "";
			projectRoot = "";
			targets = (
				AF57F23124F93FC300A95E45 /* iOSWebInteractionDemo */,
			);
		};
/* End PBXProject section */

/* Begin PBXResourcesBuildPhase section */
		AF57F23024F93FC300A95E45 /* Resources */ = {
			isa = PBXResourcesBuildPhase;
			buildActionMask = 2147483647;
			files = (
				AF57F24524F93FC800A95E45 /* LaunchScreen.storyboard in Resources */,
				AF57F24224F93FC800A95E45 /* Assets.xcassets in Resources */,
				AF57F24024F93FC300A95E45 /* Main.storyboard in Resources */,
			);
			runOnlyForDeploymentPostprocessing = 0;
		};
/* End PBXResourcesBuildPhase section */

/* Begin PBXSourcesBuildPhase section */
		AF57F22E24F93FC300A95E45 /* Sources */ = {
			isa = PBXSourcesBuildPhase;
			buildActionMask = 2147483647;
			files = (
				AF57F23D24F93FC300A95E45 /* ViewController.m in Sources */,
				AF57F25624F9401900A95E45 /* TATWKWebViewJavascriptBridge.m in Sources */,
				AF57F23724F93FC300A95E45 /* AppDelegate.m in Sources */,
				AF57F24824F93FC800A95E45 /* main.m in Sources */,
				AF57F23A24F93FC300A95E45 /* SceneDelegate.m in Sources */,
				AF57F25724F9401900A95E45 /* TATWebViewJavascriptBridge_JS.m in Sources */,
				AF57F25524F9401900A95E45 /* TATWebViewJavascriptBridgeBase.m in Sources */,
			);
			runOnlyForDeploymentPostprocessing = 0;
		};
/* End PBXSourcesBuildPhase section */

/* Begin PBXVariantGroup section */
		AF57F23E24F93FC300A95E45 /* Main.storyboard */ = {
			isa = PBXVariantGroup;
			children = (
				AF57F23F24F93FC300A95E45 /* Base */,
			);
			name = Main.storyboard;
			sourceTree = "<group>";
		};
		AF57F24324F93FC800A95E45 /* LaunchScreen.storyboard */ = {
			isa = PBXVariantGroup;
			children = (
				AF57F24424F93FC800A95E45 /* Base */,
			);
			name = LaunchScreen.storyboard;
			sourceTree = "<group>";
		};
/* End PBXVariantGroup section */

/* Begin XCBuildConfiguration section */
		AF57F24924F93FC800A95E45 /* Debug */ = {
			isa = XCBuildConfiguration;
			buildSettings = {
				ALWAYS_SEARCH_USER_PATHS = NO;
				CLANG_ANALYZER_NONNULL = YES;
				CLANG_ANALYZER_NUMBER_OBJECT_CONVERSION = YES_AGGRESSIVE;
				CLANG_CXX_LANGUAGE_STANDARD = "gnu++14";
				CLANG_CXX_LIBRARY = "libc++";
				CLANG_ENABLE_MODULES = YES;
				CLANG_ENABLE_OBJC_ARC = YES;
				CLANG_ENABLE_OBJC_WEAK = YES;
				CLANG_WARN_BLOCK_CAPTURE_AUTORELEASING = YES;
				CLANG_WARN_BOOL_CONVERSION = YES;
				CLANG_WARN_COMMA = YES;
				CLANG_WARN_CONSTANT_CONVERSION = YES;
				CLANG_WARN_DEPRECATED_OBJC_IMPLEMENTATIONS = YES;
				CLANG_WARN_DIRECT_OBJC_ISA_USAGE = YES_ERROR;
				CLANG_WARN_DOCUMENTATION_COMMENTS = YES;
				CLANG_WARN_EMPTY_BODY = YES;
				CLANG_WARN_ENUM_CONVERSION = YES;
				CLANG_WARN_INFINITE_RECURSION = YES;
				CLANG_WARN_INT_CONVERSION = YES;
				CLANG_WARN_NON_LITERAL_NULL_CONVERSION = YES;
				CLANG_WARN_OBJC_IMPLICIT_RETAIN_SELF = YES;
				CLANG_WARN_OBJC_LITERAL_CONVERSION = YES;
				CLANG_WARN_OBJC_ROOT_CLASS = YES_ERROR;
				CLANG_WARN_RANGE_LOOP_ANALYSIS = YES;
				CLANG_WARN_STRICT_PROTOTYPES = YES;
				CLANG_WARN_SUSPICIOUS_MOVE = YES;
				CLANG_WARN_UNGUARDED_AVAILABILITY = YES_AGGRESSIVE;
				CLANG_WARN_UNREACHABLE_CODE = YES;
				CLANG_WARN__DUPLICATE_METHOD_MATCH = YES;
				COPY_PHASE_STRIP = NO;
				DEBUG_INFORMATION_FORMAT = dwarf;
				ENABLE_STRICT_OBJC_MSGSEND = YES;
				ENABLE_TESTABILITY = YES;
				GCC_C_LANGUAGE_STANDARD = gnu11;
				GCC_DYNAMIC_NO_PIC = NO;
				GCC_NO_COMMON_BLOCKS = YES;
				GCC_OPTIMIZATION_LEVEL = 0;
				GCC_PREPROCESSOR_DEFINITIONS = (
					"DEBUG=1",
					"$(inherited)",
				);
				GCC_WARN_64_TO_32_BIT_CONVERSION = YES;
				GCC_WARN_ABOUT_RETURN_TYPE = YES_ERROR;
				GCC_WARN_UNDECLARED_SELECTOR = YES;
				GCC_WARN_UNINITIALIZED_AUTOS = YES_AGGRESSIVE;
				GCC_WARN_UNUSED_FUNCTION = YES;
				GCC_WARN_UNUSED_VARIABLE = YES;
				IPHONEOS_DEPLOYMENT_TARGET = 13.2;
				MTL_ENABLE_DEBUG_INFO = INCLUDE_SOURCE;
				MTL_FAST_MATH = YES;
				ONLY_ACTIVE_ARCH = YES;
				SDKROOT = iphoneos;
			};
			name = Debug;
		};
		AF57F24A24F93FC800A95E45 /* Release */ = {
			isa = XCBuildConfiguration;
			buildSettings = {
				ALWAYS_SEARCH_USER_PATHS = NO;
				CLANG_ANALYZER_NONNULL = YES;
				CLANG_ANALYZER_NUMBER_OBJECT_CONVERSION = YES_AGGRESSIVE;
				CLANG_CXX_LANGUAGE_STANDARD = "gnu++14";
				CLANG_CXX_LIBRARY = "libc++";
				CLANG_ENABLE_MODULES = YES;
				CLANG_ENABLE_OBJC_ARC = YES;
				CLANG_ENABLE_OBJC_WEAK = YES;
				CLANG_WARN_BLOCK_CAPTURE_AUTORELEASING = YES;
				CLANG_WARN_BOOL_CONVERSION = YES;
				CLANG_WARN_COMMA = YES;
				CLANG_WARN_CONSTANT_CONVERSION = YES;
				CLANG_WARN_DEPRECATED_OBJC_IMPLEMENTATIONS = YES;
				CLANG_WARN_DIRECT_OBJC_ISA_USAGE = YES_ERROR;
				CLANG_WARN_DOCUMENTATION_COMMENTS = YES;
				CLANG_WARN_EMPTY_BODY = YES;
				CLANG_WARN_ENUM_CONVERSION = YES;
				CLANG_WARN_INFINITE_RECURSION = YES;
				CLANG_WARN_INT_CONVERSION = YES;
				CLANG_WARN_NON_LITERAL_NULL_CONVERSION = YES;
				CLANG_WARN_OBJC_IMPLICIT_RETAIN_SELF = YES;
				CLANG_WARN_OBJC_LITERAL_CONVERSION = YES;
				CLANG_WARN_OBJC_ROOT_CLASS = YES_ERROR;
				CLANG_WARN_RANGE_LOOP_ANALYSIS = YES;
				CLANG_WARN_STRICT_PROTOTYPES = YES;
				CLANG_WARN_SUSPICIOUS_MOVE = YES;
				CLANG_WARN_UNGUARDED_AVAILABILITY = YES_AGGRESSIVE;
				CLANG_WARN_UNREACHABLE_CODE = YES;
				CLANG_WARN__DUPLICATE_METHOD_MATCH = YES;
				COPY_PHASE_STRIP = NO;
				DEBUG_INFORMATION_FORMAT = "dwarf-with-dsym";
				ENABLE_NS_ASSERTIONS = NO;
				ENABLE_STRICT_OBJC_MSGSEND = YES;
				GCC_C_LANGUAGE_STANDARD = gnu11;
				GCC_NO_COMMON_BLOCKS = YES;
				GCC_WARN_64_TO_32_BIT_CONVERSION = YES;
				GCC_WARN_ABOUT_RETURN_TYPE = YES_ERROR;
				GCC_WARN_UNDECLARED_SELECTOR = YES;
				GCC_WARN_UNINITIALIZED_AUTOS = YES_AGGRESSIVE;
				GCC_WARN_UNUSED_FUNCTION = YES;
				GCC_WARN_UNUSED_VARIABLE = YES;
				IPHONEOS_DEPLOYMENT_TARGET = 13.2;
				MTL_ENABLE_DEBUG_INFO = NO;
				MTL_FAST_MATH = YES;
				SDKROOT = iphoneos;
				VALIDATE_PRODUCT = YES;
			};
			name = Release;
		};
		AF57F24C24F93FC800A95E45 /* Debug */ = {
			isa = XCBuildConfiguration;
			buildSettings = {
				ASSETCATALOG_COMPILER_APPICON_NAME = AppIcon;
				CODE_SIGN_STYLE = Automatic;
				DEVELOPMENT_TEAM = B5SHZ6N8K5;
				INFOPLIST_FILE = iOSWebInteractionDemo/Info.plist;
				LD_RUNPATH_SEARCH_PATHS = (
					"$(inherited)",
					"@executable_path/Frameworks",
				);
				PRODUCT_BUNDLE_IDENTIFIER = com.wuleslie.iOSWebInteractionDemo;
				PRODUCT_NAME = "$(TARGET_NAME)";
				TARGETED_DEVICE_FAMILY = "1,2";
			};
			name = Debug;
		};
		AF57F24D24F93FC800A95E45 /* Release */ = {
			isa = XCBuildConfiguration;
			buildSettings = {
				ASSETCATALOG_COMPILER_APPICON_NAME = AppIcon;
				CODE_SIGN_STYLE = Automatic;
				DEVELOPMENT_TEAM = B5SHZ6N8K5;
				INFOPLIST_FILE = iOSWebInteractionDemo/Info.plist;
				LD_RUNPATH_SEARCH_PATHS = (
					"$(inherited)",
					"@executable_path/Frameworks",
				);
				PRODUCT_BUNDLE_IDENTIFIER = com.wuleslie.iOSWebInteractionDemo;
				PRODUCT_NAME = "$(TARGET_NAME)";
				TARGETED_DEVICE_FAMILY = "1,2";
			};
			name = Release;
		};
/* End XCBuildConfiguration section */

/* Begin XCConfigurationList section */
		AF57F22D24F93FC300A95E45 /* Build configuration list for PBXProject "iOSWebInteractionDemo" */ = {
			isa = XCConfigurationList;
			buildConfigurations = (
				AF57F24924F93FC800A95E45 /* Debug */,
				AF57F24A24F93FC800A95E45 /* Release */,
			);
			defaultConfigurationIsVisible = 0;
			defaultConfigurationName = Release;
		};
		AF57F24B24F93FC800A95E45 /* Build configuration list for PBXNativeTarget "iOSWebInteractionDemo" */ = {
			isa = XCConfigurationList;
			buildConfigurations = (
				AF57F24C24F93FC800A95E45 /* Debug */,
				AF57F24D24F93FC800A95E45 /* Release */,
			);
			defaultConfigurationIsVisible = 0;
			defaultConfigurationName = Release;
		};
/* End XCConfigurationList section */
	};
	rootObject = AF57F22A24F93FC300A95E45 /* Project object */;
}
